// !$*UTF8*$!
{
	archiveVersion = 1;
	classes = {
	};
	objectVersion = 56;
	objects = {

/* Begin PBXBuildFile section */
		F9F9BBDB2A08A49300439A12 /* AppDelegate.swift in Sources */ = {isa = PBXBuildFile; fileRef = F9F9BBDA2A08A49300439A12 /* AppDelegate.swift */; };
		F9F9BBDD2A08A49300439A12 /* SceneDelegate.swift in Sources */ = {isa = PBXBuildFile; fileRef = F9F9BBDC2A08A49300439A12 /* SceneDelegate.swift */; };
		F9F9BBE42A08A49400439A12 /* Assets.xcassets in Resources */ = {isa = PBXBuildFile; fileRef = F9F9BBE32A08A49400439A12 /* Assets.xcassets */; };
		F9F9BBE72A08A49400439A12 /* LaunchScreen.storyboard in Resources */ = {isa = PBXBuildFile; fileRef = F9F9BBE52A08A49400439A12 /* LaunchScreen.storyboard */; };
		F9F9BBEF2A08A4EA00439A12 /* TableViewController.swift in Sources */ = {isa = PBXBuildFile; fileRef = F9F9BBEE2A08A4EA00439A12 /* TableViewController.swift */; };
		F9F9BBF12A08AF3800439A12 /* User.swift in Sources */ = {isa = PBXBuildFile; fileRef = F9F9BBF02A08AF3800439A12 /* User.swift */; };
		F9F9BBF32A08AF4900439A12 /* NetworkManager.swift in Sources */ = {isa = PBXBuildFile; fileRef = F9F9BBF22A08AF4900439A12 /* NetworkManager.swift */; };
		F9F9BBF52A08AF8800439A12 /* Error.swift in Sources */ = {isa = PBXBuildFile; fileRef = F9F9BBF42A08AF8800439A12 /* Error.swift */; };
		F9F9BC022A08B88900439A12 /* TableViewDetailViewController.swift in Sources */ = {isa = PBXBuildFile; fileRef = F9F9BC012A08B88900439A12 /* TableViewDetailViewController.swift */; };
		F9F9BC042A08B8BB00439A12 /* USImage.swift in Sources */ = {isa = PBXBuildFile; fileRef = F9F9BC032A08B8BB00439A12 /* USImage.swift */; };
		F9F9BC062A08B8CB00439A12 /* USLabel.swift in Sources */ = {isa = PBXBuildFile; fileRef = F9F9BC052A08B8CB00439A12 /* USLabel.swift */; };
		F9F9BC082A08B8DA00439A12 /* UserCell.swift in Sources */ = {isa = PBXBuildFile; fileRef = F9F9BC072A08B8DA00439A12 /* UserCell.swift */; };
/* End PBXBuildFile section */

/* Begin PBXFileReference section */
		F9F9BBD72A08A49300439A12 /* TableView.app */ = {isa = PBXFileReference; explicitFileType = wrapper.application; includeInIndex = 0; path = TableView.app; sourceTree = BUILT_PRODUCTS_DIR; };
		F9F9BBDA2A08A49300439A12 /* AppDelegate.swift */ = {isa = PBXFileReference; lastKnownFileType = sourcecode.swift; path = AppDelegate.swift; sourceTree = "<group>"; };
		F9F9BBDC2A08A49300439A12 /* SceneDelegate.swift */ = {isa = PBXFileReference; lastKnownFileType = sourcecode.swift; path = SceneDelegate.swift; sourceTree = "<group>"; };
		F9F9BBE32A08A49400439A12 /* Assets.xcassets */ = {isa = PBXFileReference; lastKnownFileType = folder.assetcatalog; path = Assets.xcassets; sourceTree = "<group>"; };
		F9F9BBE62A08A49400439A12 /* Base */ = {isa = PBXFileReference; lastKnownFileType = file.storyboard; name = Base; path = Base.lproj/LaunchScreen.storyboard; sourceTree = "<group>"; };
		F9F9BBE82A08A49400439A12 /* Info.plist */ = {isa = PBXFileReference; lastKnownFileType = text.plist.xml; path = Info.plist; sourceTree = "<group>"; };
		F9F9BBEE2A08A4EA00439A12 /* TableViewController.swift */ = {isa = PBXFileReference; lastKnownFileType = sourcecode.swift; path = TableViewController.swift; sourceTree = "<group>"; };
		F9F9BBF02A08AF3800439A12 /* User.swift */ = {isa = PBXFileReference; lastKnownFileType = sourcecode.swift; path = User.swift; sourceTree = "<group>"; };
		F9F9BBF22A08AF4900439A12 /* NetworkManager.swift */ = {isa = PBXFileReference; lastKnownFileType = sourcecode.swift; path = NetworkManager.swift; sourceTree = "<group>"; };
		F9F9BBF42A08AF8800439A12 /* Error.swift */ = {isa = PBXFileReference; lastKnownFileType = sourcecode.swift; path = Error.swift; sourceTree = "<group>"; };
		F9F9BC012A08B88900439A12 /* TableViewDetailViewController.swift */ = {isa = PBXFileReference; lastKnownFileType = sourcecode.swift; path = TableViewDetailViewController.swift; sourceTree = "<group>"; };
		F9F9BC032A08B8BB00439A12 /* USImage.swift */ = {isa = PBXFileReference; lastKnownFileType = sourcecode.swift; path = USImage.swift; sourceTree = "<group>"; };
		F9F9BC052A08B8CB00439A12 /* USLabel.swift */ = {isa = PBXFileReference; lastKnownFileType = sourcecode.swift; path = USLabel.swift; sourceTree = "<group>"; };
		F9F9BC072A08B8DA00439A12 /* UserCell.swift */ = {isa = PBXFileReference; lastKnownFileType = sourcecode.swift; path = UserCell.swift; sourceTree = "<group>"; };
/* End PBXFileReference section */

/* Begin PBXFrameworksBuildPhase section */
		F9F9BBD42A08A49300439A12 /* Frameworks */ = {
			isa = PBXFrameworksBuildPhase;
			buildActionMask = 2147483647;
			files = (
			);
			runOnlyForDeploymentPostprocessing = 0;
		};
/* End PBXFrameworksBuildPhase section */

/* Begin PBXGroup section */
		F9F9BBCE2A08A49300439A12 = {
			isa = PBXGroup;
			children = (
				F9F9BBD92A08A49300439A12 /* TableView */,
				F9F9BBD82A08A49300439A12 /* Products */,
			);
			sourceTree = "<group>";
		};
		F9F9BBD82A08A49300439A12 /* Products */ = {
			isa = PBXGroup;
			children = (
				F9F9BBD72A08A49300439A12 /* TableView.app */,
			);
			name = Products;
			sourceTree = "<group>";
		};
		F9F9BBD92A08A49300439A12 /* TableView */ = {
			isa = PBXGroup;
			children = (
				F9F9BBE82A08A49400439A12 /* Info.plist */,
				F9F9BBFC2A08B72800439A12 /* CustomViews */,
				F9F9BBFB2A08B71D00439A12 /* Utilities */,
				F9F9BBFA2A08B70700439A12 /* Model */,
				F9F9BBF92A08B6FF00439A12 /* Screens */,
				F9F9BBF82A08B6E600439A12 /* Support */,
			);
			path = TableView;
			sourceTree = "<group>";
		};
		F9F9BBF82A08B6E600439A12 /* Support */ = {
			isa = PBXGroup;
			children = (
				F9F9BBDA2A08A49300439A12 /* AppDelegate.swift */,
				F9F9BBDC2A08A49300439A12 /* SceneDelegate.swift */,
				F9F9BBE32A08A49400439A12 /* Assets.xcassets */,
				F9F9BBE52A08A49400439A12 /* LaunchScreen.storyboard */,
			);
			path = Support;
			sourceTree = "<group>";
		};
		F9F9BBF92A08B6FF00439A12 /* Screens */ = {
			isa = PBXGroup;
			children = (
				F9F9BBEE2A08A4EA00439A12 /* TableViewController.swift */,
				F9F9BC012A08B88900439A12 /* TableViewDetailViewController.swift */,
			);
			path = Screens;
			sourceTree = "<group>";
		};
		F9F9BBFA2A08B70700439A12 /* Model */ = {
			isa = PBXGroup;
			children = (
				F9F9BBF42A08AF8800439A12 /* Error.swift */,
				F9F9BBF02A08AF3800439A12 /* User.swift */,
			);
			path = Model;
			sourceTree = "<group>";
		};
		F9F9BBFB2A08B71D00439A12 /* Utilities */ = {
			isa = PBXGroup;
			children = (
				F9F9BBF22A08AF4900439A12 /* NetworkManager.swift */,
			);
			path = Utilities;
			sourceTree = "<group>";
		};
		F9F9BBFC2A08B72800439A12 /* CustomViews */ = {
			isa = PBXGroup;
			children = (
				F9F9BC002A08B75300439A12 /* Cells */,
				F9F9BBFF2A08B74400439A12 /* Label */,
				F9F9BBFE2A08B73800439A12 /* Image */,
			);
			path = CustomViews;
			sourceTree = "<group>";
		};
		F9F9BBFE2A08B73800439A12 /* Image */ = {
			isa = PBXGroup;
			children = (
				F9F9BC032A08B8BB00439A12 /* USImage.swift */,
			);
			path = Image;
			sourceTree = "<group>";
		};
		F9F9BBFF2A08B74400439A12 /* Label */ = {
			isa = PBXGroup;
			children = (
				F9F9BC052A08B8CB00439A12 /* USLabel.swift */,
			);
			path = Label;
			sourceTree = "<group>";
		};
		F9F9BC002A08B75300439A12 /* Cells */ = {
			isa = PBXGroup;
			children = (
				F9F9BC072A08B8DA00439A12 /* UserCell.swift */,
			);
			path = Cells;
			sourceTree = "<group>";
		};
/* End PBXGroup section */

/* Begin PBXNativeTarget section */
		F9F9BBD62A08A49300439A12 /* TableView */ = {
			isa = PBXNativeTarget;
			buildConfigurationList = F9F9BBEB2A08A49400439A12 /* Build configuration list for PBXNativeTarget "TableView" */;
			buildPhases = (
				F9F9BBD32A08A49300439A12 /* Sources */,
				F9F9BBD42A08A49300439A12 /* Frameworks */,
				F9F9BBD52A08A49300439A12 /* Resources */,
			);
			buildRules = (
			);
			dependencies = (
			);
			name = TableView;
			productName = TableView;
			productReference = F9F9BBD72A08A49300439A12 /* TableView.app */;
			productType = "com.apple.product-type.application";
		};
/* End PBXNativeTarget section */

/* Begin PBXProject section */
		F9F9BBCF2A08A49300439A12 /* Project object */ = {
			isa = PBXProject;
			attributes = {
				BuildIndependentTargetsInParallel = 1;
				LastSwiftUpdateCheck = 1430;
				LastUpgradeCheck = 1430;
				TargetAttributes = {
					F9F9BBD62A08A49300439A12 = {
						CreatedOnToolsVersion = 14.3;
					};
				};
			};
			buildConfigurationList = F9F9BBD22A08A49300439A12 /* Build configuration list for PBXProject "TableView" */;
			compatibilityVersion = "Xcode 14.0";
			developmentRegion = en;
			hasScannedForEncodings = 0;
			knownRegions = (
				en,
				Base,
			);
			mainGroup = F9F9BBCE2A08A49300439A12;
			productRefGroup = F9F9BBD82A08A49300439A12 /* Products */;
			projectDirPath = "";
			projectRoot = "";
			targets = (
				F9F9BBD62A08A49300439A12 /* TableView */,
			);
		};
/* End PBXProject section */

/* Begin PBXResourcesBuildPhase section */
		F9F9BBD52A08A49300439A12 /* Resources */ = {
			isa = PBXResourcesBuildPhase;
			buildActionMask = 2147483647;
			files = (
				F9F9BBE72A08A49400439A12 /* LaunchScreen.storyboard in Resources */,
				F9F9BBE42A08A49400439A12 /* Assets.xcassets in Resources */,
			);
			runOnlyForDeploymentPostprocessing = 0;
		};
/* End PBXResourcesBuildPhase section */

/* Begin PBXSourcesBuildPhase section */
		F9F9BBD32A08A49300439A12 /* Sources */ = {
			isa = PBXSourcesBuildPhase;
			buildActionMask = 2147483647;
			files = (
				F9F9BBF12A08AF3800439A12 /* User.swift in Sources */,
				F9F9BC022A08B88900439A12 /* TableViewDetailViewController.swift in Sources */,
				F9F9BBDB2A08A49300439A12 /* AppDelegate.swift in Sources */,
				F9F9BC062A08B8CB00439A12 /* USLabel.swift in Sources */,
				F9F9BC042A08B8BB00439A12 /* USImage.swift in Sources */,
				F9F9BBF32A08AF4900439A12 /* NetworkManager.swift in Sources */,
				F9F9BBEF2A08A4EA00439A12 /* TableViewController.swift in Sources */,
				F9F9BBF52A08AF8800439A12 /* Error.swift in Sources */,
				F9F9BC082A08B8DA00439A12 /* UserCell.swift in Sources */,
				F9F9BBDD2A08A49300439A12 /* SceneDelegate.swift in Sources */,
			);
			runOnlyForDeploymentPostprocessing = 0;
		};
/* End PBXSourcesBuildPhase section */

/* Begin PBXVariantGroup section */
		F9F9BBE52A08A49400439A12 /* LaunchScreen.storyboard */ = {
			isa = PBXVariantGroup;
			children = (
				F9F9BBE62A08A49400439A12 /* Base */,
			);
			name = LaunchScreen.storyboard;
			sourceTree = "<group>";
		};
/* End PBXVariantGroup section */

/* Begin XCBuildConfiguration section */
		F9F9BBE92A08A49400439A12 /* Debug */ = {
			isa = XCBuildConfiguration;
			buildSettings = {
				ALWAYS_SEARCH_USER_PATHS = NO;
				CLANG_ANALYZER_NONNULL = YES;
				CLANG_ANALYZER_NUMBER_OBJECT_CONVERSION = YES_AGGRESSIVE;
				CLANG_CXX_LANGUAGE_STANDARD = "gnu++20";
				CLANG_ENABLE_MODULES = YES;
				CLANG_ENABLE_OBJC_ARC = YES;
				CLANG_ENABLE_OBJC_WEAK = YES;
				CLANG_WARN_BLOCK_CAPTURE_AUTORELEASING = YES;
				CLANG_WARN_BOOL_CONVERSION = YES;
				CLANG_WARN_COMMA = YES;
				CLANG_WARN_CONSTANT_CONVERSION = YES;
				CLANG_WARN_DEPRECATED_OBJC_IMPLEMENTATIONS = YES;
				CLANG_WARN_DIRECT_OBJC_ISA_USAGE = YES_ERROR;
				CLANG_WARN_DOCUMENTATION_COMMENTS = YES;
				CLANG_WARN_EMPTY_BODY = YES;
				CLANG_WARN_ENUM_CONVERSION = YES;
				CLANG_WARN_INFINITE_RECURSION = YES;
				CLANG_WARN_INT_CONVERSION = YES;
				CLANG_WARN_NON_LITERAL_NULL_CONVERSION = YES;
				CLANG_WARN_OBJC_IMPLICIT_RETAIN_SELF = YES;
				CLANG_WARN_OBJC_LITERAL_CONVERSION = YES;
				CLANG_WARN_OBJC_ROOT_CLASS = YES_ERROR;
				CLANG_WARN_QUOTED_INCLUDE_IN_FRAMEWORK_HEADER = YES;
				CLANG_WARN_RANGE_LOOP_ANALYSIS = YES;
				CLANG_WARN_STRICT_PROTOTYPES = YES;
				CLANG_WARN_SUSPICIOUS_MOVE = YES;
				CLANG_WARN_UNGUARDED_AVAILABILITY = YES_AGGRESSIVE;
				CLANG_WARN_UNREACHABLE_CODE = YES;
				CLANG_WARN__DUPLICATE_METHOD_MATCH = YES;
				COPY_PHASE_STRIP = NO;
				DEBUG_INFORMATION_FORMAT = dwarf;
				ENABLE_STRICT_OBJC_MSGSEND = YES;
				ENABLE_TESTABILITY = YES;
				GCC_C_LANGUAGE_STANDARD = gnu11;
				GCC_DYNAMIC_NO_PIC = NO;
				GCC_NO_COMMON_BLOCKS = YES;
				GCC_OPTIMIZATION_LEVEL = 0;
				GCC_PREPROCESSOR_DEFINITIONS = (
					"DEBUG=1",
					"$(inherited)",
				);
				GCC_WARN_64_TO_32_BIT_CONVERSION = YES;
				GCC_WARN_ABOUT_RETURN_TYPE = YES_ERROR;
				GCC_WARN_UNDECLARED_SELECTOR = YES;
				GCC_WARN_UNINITIALIZED_AUTOS = YES_AGGRESSIVE;
				GCC_WARN_UNUSED_FUNCTION = YES;
				GCC_WARN_UNUSED_VARIABLE = YES;
				IPHONEOS_DEPLOYMENT_TARGET = 15.0;
				MTL_ENABLE_DEBUG_INFO = INCLUDE_SOURCE;
				MTL_FAST_MATH = YES;
				ONLY_ACTIVE_ARCH = YES;
				SDKROOT = iphoneos;
				SWIFT_ACTIVE_COMPILATION_CONDITIONS = DEBUG;
				SWIFT_OPTIMIZATION_LEVEL = "-Onone";
			};
			name = Debug;
		};
		F9F9BBEA2A08A49400439A12 /* Release */ = {
			isa = XCBuildConfiguration;
			buildSettings = {
				ALWAYS_SEARCH_USER_PATHS = NO;
				CLANG_ANALYZER_NONNULL = YES;
				CLANG_ANALYZER_NUMBER_OBJECT_CONVERSION = YES_AGGRESSIVE;
				CLANG_CXX_LANGUAGE_STANDARD = "gnu++20";
				CLANG_ENABLE_MODULES = YES;
				CLANG_ENABLE_OBJC_ARC = YES;
				CLANG_ENABLE_OBJC_WEAK = YES;
				CLANG_WARN_BLOCK_CAPTURE_AUTORELEASING = YES;
				CLANG_WARN_BOOL_CONVERSION = YES;
				CLANG_WARN_COMMA = YES;
				CLANG_WARN_CONSTANT_CONVERSION = YES;
				CLANG_WARN_DEPRECATED_OBJC_IMPLEMENTATIONS = YES;
				CLANG_WARN_DIRECT_OBJC_ISA_USAGE = YES_ERROR;
				CLANG_WARN_DOCUMENTATION_COMMENTS = YES;
				CLANG_WARN_EMPTY_BODY = YES;
				CLANG_WARN_ENUM_CONVERSION = YES;
				CLANG_WARN_INFINITE_RECURSION = YES;
				CLANG_WARN_INT_CONVERSION = YES;
				CLANG_WARN_NON_LITERAL_NULL_CONVERSION = YES;
				CLANG_WARN_OBJC_IMPLICIT_RETAIN_SELF = YES;
				CLANG_WARN_OBJC_LITERAL_CONVERSION = YES;
				CLANG_WARN_OBJC_ROOT_CLASS = YES_ERROR;
				CLANG_WARN_QUOTED_INCLUDE_IN_FRAMEWORK_HEADER = YES;
				CLANG_WARN_RANGE_LOOP_ANALYSIS = YES;
				CLANG_WARN_STRICT_PROTOTYPES = YES;
				CLANG_WARN_SUSPICIOUS_MOVE = YES;
				CLANG_WARN_UNGUARDED_AVAILABILITY = YES_AGGRESSIVE;
				CLANG_WARN_UNREACHABLE_CODE = YES;
				CLANG_WARN__DUPLICATE_METHOD_MATCH = YES;
				COPY_PHASE_STRIP = NO;
				DEBUG_INFORMATION_FORMAT = "dwarf-with-dsym";
				ENABLE_NS_ASSERTIONS = NO;
				ENABLE_STRICT_OBJC_MSGSEND = YES;
				GCC_C_LANGUAGE_STANDARD = gnu11;
				GCC_NO_COMMON_BLOCKS = YES;
				GCC_WARN_64_TO_32_BIT_CONVERSION = YES;
				GCC_WARN_ABOUT_RETURN_TYPE = YES_ERROR;
				GCC_WARN_UNDECLARED_SELECTOR = YES;
				GCC_WARN_UNINITIALIZED_AUTOS = YES_AGGRESSIVE;
				GCC_WARN_UNUSED_FUNCTION = YES;
				GCC_WARN_UNUSED_VARIABLE = YES;
				IPHONEOS_DEPLOYMENT_TARGET = 15.0;
				MTL_ENABLE_DEBUG_INFO = NO;
				MTL_FAST_MATH = YES;
				SDKROOT = iphoneos;
				SWIFT_COMPILATION_MODE = wholemodule;
				SWIFT_OPTIMIZATION_LEVEL = "-O";
				VALIDATE_PRODUCT = YES;
			};
			name = Release;
		};
		F9F9BBEC2A08A49400439A12 /* Debug */ = {
			isa = XCBuildConfiguration;
			buildSettings = {
				ASSETCATALOG_COMPILER_APPICON_NAME = AppIcon;
				ASSETCATALOG_COMPILER_GLOBAL_ACCENT_COLOR_NAME = AccentColor;
				CODE_SIGN_STYLE = Automatic;
				CURRENT_PROJECT_VERSION = 1;
				DEVELOPMENT_TEAM = 4UKW9GMJPD;
				GENERATE_INFOPLIST_FILE = YES;
				INFOPLIST_FILE = TableView/Info.plist;
				INFOPLIST_KEY_CFBundleDisplayName = TableViw;
				INFOPLIST_KEY_UIApplicationSupportsIndirectInputEvents = YES;
				INFOPLIST_KEY_UILaunchStoryboardName = LaunchScreen;
				INFOPLIST_KEY_UIMainStoryboardFile = "";
				INFOPLIST_KEY_UISupportedInterfaceOrientations = UIInterfaceOrientationPortrait;
				INFOPLIST_KEY_UISupportedInterfaceOrientations_iPad = "UIInterfaceOrientationLandscapeLeft UIInterfaceOrientationLandscapeRight UIInterfaceOrientationPortrait UIInterfaceOrientationPortraitUpsideDown";
				IPHONEOS_DEPLOYMENT_TARGET = 15.0;
				LD_RUNPATH_SEARCH_PATHS = (
					"$(inherited)",
					"@executable_path/Frameworks",
				);
				MARKETING_VERSION = 1.0;
				PRODUCT_BUNDLE_IDENTIFIER = co.jasmanarora.TableView;
				PRODUCT_NAME = "$(TARGET_NAME)";
				SUPPORTED_PLATFORMS = "iphoneos iphonesimulator";
				SUPPORTS_MACCATALYST = NO;
				SUPPORTS_MAC_DESIGNED_FOR_IPHONE_IPAD = NO;
				SWIFT_EMIT_LOC_STRINGS = YES;
				SWIFT_VERSION = 5.0;
				TARGETED_DEVICE_FAMILY = 1;
			};
			name = Debug;
		};
		F9F9BBED2A08A49400439A12 /* Release */ = {
			isa = XCBuildConfiguration;
			buildSettings = {
				ASSETCATALOG_COMPILER_APPICON_NAME = AppIcon;
				ASSETCATALOG_COMPILER_GLOBAL_ACCENT_COLOR_NAME = AccentColor;
				CODE_SIGN_STYLE = Automatic;
				CURRENT_PROJECT_VERSION = 1;
				DEVELOPMENT_TEAM = 4UKW9GMJPD;
				GENERATE_INFOPLIST_FILE = YES;
				INFOPLIST_FILE = TableView/Info.plist;
				INFOPLIST_KEY_CFBundleDisplayName = TableViw;
				INFOPLIST_KEY_UIApplicationSupportsIndirectInputEvents = YES;
				INFOPLIST_KEY_UILaunchStoryboardName = LaunchScreen;
				INFOPLIST_KEY_UIMainStoryboardFile = "";
				INFOPLIST_KEY_UISupportedInterfaceOrientations = UIInterfaceOrientationPortrait;
				INFOPLIST_KEY_UISupportedInterfaceOrientations_iPad = "UIInterfaceOrientationLandscapeLeft UIInterfaceOrientationLandscapeRight UIInterfaceOrientationPortrait UIInterfaceOrientationPortraitUpsideDown";
				IPHONEOS_DEPLOYMENT_TARGET = 15.0;
				LD_RUNPATH_SEARCH_PATHS = (
					"$(inherited)",
					"@executable_path/Frameworks",
				);
				MARKETING_VERSION = 1.0;
				PRODUCT_BUNDLE_IDENTIFIER = co.jasmanarora.TableView;
				PRODUCT_NAME = "$(TARGET_NAME)";
				SUPPORTED_PLATFORMS = "iphoneos iphonesimulator";
				SUPPORTS_MACCATALYST = NO;
				SUPPORTS_MAC_DESIGNED_FOR_IPHONE_IPAD = NO;
				SWIFT_EMIT_LOC_STRINGS = YES;
				SWIFT_VERSION = 5.0;
				TARGETED_DEVICE_FAMILY = 1;
			};
			name = Release;
		};
/* End XCBuildConfiguration section */

/* Begin XCConfigurationList section */
		F9F9BBD22A08A49300439A12 /* Build configuration list for PBXProject "TableView" */ = {
			isa = XCConfigurationList;
			buildConfigurations = (
				F9F9BBE92A08A49400439A12 /* Debug */,
				F9F9BBEA2A08A49400439A12 /* Release */,
			);
			defaultConfigurationIsVisible = 0;
			defaultConfigurationName = Release;
		};
		F9F9BBEB2A08A49400439A12 /* Build configuration list for PBXNativeTarget "TableView" */ = {
			isa = XCConfigurationList;
			buildConfigurations = (
				F9F9BBEC2A08A49400439A12 /* Debug */,
				F9F9BBED2A08A49400439A12 /* Release */,
			);
			defaultConfigurationIsVisible = 0;
			defaultConfigurationName = Release;
		};
/* End XCConfigurationList section */
	};
	rootObject = F9F9BBCF2A08A49300439A12 /* Project object */;
}
